
Microsoft Visual Studio Solution File, Format Version 12.00
# Visual Studio 15
VisualStudioVersion = 15.0.28010.2026
MinimumVisualStudioVersion = 10.0.40219.1
Project("{FAE04EC0-301F-11D3-BF4B-00C04F79EFBC}") = "FT.WEB", "FT.WEB\FT.WEB.csproj", "{9E8C01C9-2776-44D9-BEC1-A1B4056F4C3B}"
EndProject
Project("{2150E333-8FDC-42A3-9474-1A3956D46DE8}") = "Unit Tests", "Unit Tests", "{ED3694E5-C714-4BFD-8697-2EF2E44492AF}"
EndProject
Project("{FAE04EC0-301F-11D3-BF4B-00C04F79EFBC}") = "FT.DAL", "FT.DAL\FT.DAL.csproj", "{0C3CA34D-2AD5-4E0D-B5D8-D37CB4314524}"
EndProject
Project("{FAE04EC0-301F-11D3-BF4B-00C04F79EFBC}") = "FT.Entities", "FT.Entities\FT.Entities.csproj", "{E04BB36B-A8A5-4B77-B798-3AD5559A4D20}"
EndProject
Project("{FAE04EC0-301F-11D3-BF4B-00C04F79EFBC}") = "FT.WEB.Tests", "FT.WEB.Tests\FT.WEB.Tests.csproj", "{1FCBBEA7-E4D6-4FEF-8140-6ACFB6089C17}"
EndProject
Project("{FAE04EC0-301F-11D3-BF4B-00C04F79EFBC}") = "FT.Entities.Tests", "FT.Entities.Tests\FT.Entities.Tests.csproj", "{59B624EF-8AFE-40B0-80C3-E42337A831F2}"
EndProject
Project("{FAE04EC0-301F-11D3-BF4B-00C04F79EFBC}") = "FT.DAL.Tests", "FT.DAL.Tests\FT.DAL.Tests.csproj", "{59645D15-8E02-426F-AFFE-0A06E3F13F47}"
EndProject
Global
	GlobalSection(SolutionConfigurationPlatforms) = preSolution
		Debug|Any CPU = Debug|Any CPU
		Release|Any CPU = Release|Any CPU
	EndGlobalSection
	GlobalSection(ProjectConfigurationPlatforms) = postSolution
		{9E8C01C9-2776-44D9-BEC1-A1B4056F4C3B}.Debug|Any CPU.ActiveCfg = Debug|Any CPU
		{9E8C01C9-2776-44D9-BEC1-A1B4056F4C3B}.Debug|Any CPU.Build.0 = Debug|Any CPU
		{9E8C01C9-2776-44D9-BEC1-A1B4056F4C3B}.Release|Any CPU.ActiveCfg = Release|Any CPU
		{9E8C01C9-2776-44D9-BEC1-A1B4056F4C3B}.Release|Any CPU.Build.0 = Release|Any CPU
		{0C3CA34D-2AD5-4E0D-B5D8-D37CB4314524}.Debug|Any CPU.ActiveCfg = Debug|Any CPU
		{0C3CA34D-2AD5-4E0D-B5D8-D37CB4314524}.Debug|Any CPU.Build.0 = Debug|Any CPU
		{0C3CA34D-2AD5-4E0D-B5D8-D37CB4314524}.Release|Any CPU.ActiveCfg = Release|Any CPU
		{0C3CA34D-2AD5-4E0D-B5D8-D37CB4314524}.Release|Any CPU.Build.0 = Release|Any CPU
		{E04BB36B-A8A5-4B77-B798-3AD5559A4D20}.Debug|Any CPU.ActiveCfg = Debug|Any CPU
		{E04BB36B-A8A5-4B77-B798-3AD5559A4D20}.Debug|Any CPU.Build.0 = Debug|Any CPU
		{E04BB36B-A8A5-4B77-B798-3AD5559A4D20}.Release|Any CPU.ActiveCfg = Release|Any CPU
		{E04BB36B-A8A5-4B77-B798-3AD5559A4D20}.Release|Any CPU.Build.0 = Release|Any CPU
		{1FCBBEA7-E4D6-4FEF-8140-6ACFB6089C17}.Debug|Any CPU.ActiveCfg = Debug|Any CPU
		{1FCBBEA7-E4D6-4FEF-8140-6ACFB6089C17}.Debug|Any CPU.Build.0 = Debug|Any CPU
		{1FCBBEA7-E4D6-4FEF-8140-6ACFB6089C17}.Release|Any CPU.ActiveCfg = Release|Any CPU
		{1FCBBEA7-E4D6-4FEF-8140-6ACFB6089C17}.Release|Any CPU.Build.0 = Release|Any CPU
		{59B624EF-8AFE-40B0-80C3-E42337A831F2}.Debug|Any CPU.ActiveCfg = Debug|Any CPU
		{59B624EF-8AFE-40B0-80C3-E42337A831F2}.Debug|Any CPU.Build.0 = Debug|Any CPU
		{59B624EF-8AFE-40B0-80C3-E42337A831F2}.Release|Any CPU.ActiveCfg = Release|Any CPU
		{59B624EF-8AFE-40B0-80C3-E42337A831F2}.Release|Any CPU.Build.0 = Release|Any CPU
		{59645D15-8E02-426F-AFFE-0A06E3F13F47}.Debug|Any CPU.ActiveCfg = Debug|Any CPU
		{59645D15-8E02-426F-AFFE-0A06E3F13F47}.Debug|Any CPU.Build.0 = Debug|Any CPU
		{59645D15-8E02-426F-AFFE-0A06E3F13F47}.Release|Any CPU.ActiveCfg = Release|Any CPU
		{59645D15-8E02-426F-AFFE-0A06E3F13F47}.Release|Any CPU.Build.0 = Release|Any CPU
	EndGlobalSection
	GlobalSection(SolutionProperties) = preSolution
		HideSolutionNode = FALSE
	EndGlobalSection
	GlobalSection(NestedProjects) = preSolution
		{1FCBBEA7-E4D6-4FEF-8140-6ACFB6089C17} = {ED3694E5-C714-4BFD-8697-2EF2E44492AF}
		{59B624EF-8AFE-40B0-80C3-E42337A831F2} = {ED3694E5-C714-4BFD-8697-2EF2E44492AF}
		{59645D15-8E02-426F-AFFE-0A06E3F13F47} = {ED3694E5-C714-4BFD-8697-2EF2E44492AF}
	EndGlobalSection
	GlobalSection(ExtensibilityGlobals) = postSolution
		SolutionGuid = {201CCEF1-EBE8-43AD-8FCA-5EDEBAF9C490}
	EndGlobalSection
EndGlobal
